
Microsoft Visual Studio Solution File, Format Version 12.00
# Visual Studio Version 17
VisualStudioVersion = 17.0.31903.59
MinimumVisualStudioVersion = 10.0.40219.1
Project("{2150E333-8FDC-42A3-9474-1A3956D46DE8}") = "src", "src", "{827E0CD3-B72D-47B6-A68D-7590B98EB39B}"
EndProject
Project("{FAE04EC0-301F-11D3-BF4B-00C04F79EFBC}") = "EventTicketingAiPlatform.Api", "src\EventTicketingAiPlatform.Api\EventTicketingAiPlatform.Api.csproj", "{9ABF0A2A-5C17-471B-9C0C-5643A2ABD66A}"
EndProject
Project("{FAE04EC0-301F-11D3-BF4B-00C04F79EFBC}") = "EventTicketingAiPlatform.Application", "src\EventTicketingAiPlatform.Application\EventTicketingAiPlatform.Application.csproj", "{939D7694-C887-4043-BA47-A5982AA58221}"
EndProject
Project("{FAE04EC0-301F-11D3-BF4B-00C04F79EFBC}") = "EventTicketingAiPlatform.Contracts", "src\EventTicketingAiPlatform.Contracts\EventTicketingAiPlatform.Contracts.csproj", "{9DE3C78F-D25C-450B-B692-BCEC342562B0}"
EndProject
Project("{FAE04EC0-301F-11D3-BF4B-00C04F79EFBC}") = "EventTicketingAiPlatform.Infrastructure", "src\EventTicketingAiPlatform.Infrastructure\EventTicketingAiPlatform.Infrastructure.csproj", "{346FC4F4-32FE-425A-A180-45D67EEEB2B5}"
EndProject
Project("{2150E333-8FDC-42A3-9474-1A3956D46DE8}") = "tests", "tests", "{0AB3BF05-4346-4AA6-1389-037BE0695223}"
EndProject
Project("{FAE04EC0-301F-11D3-BF4B-00C04F79EFBC}") = "EventTicketingAiPlatform.Application.Tests", "tests\EventTicketingAiPlatform.Application.Tests\EventTicketingAiPlatform.Application.Tests.csproj", "{1BA922CB-8DBD-4B67-A426-27080ECCCE62}"
EndProject
Project("{FAE04EC0-301F-11D3-BF4B-00C04F79EFBC}") = "EventTicketingAiPlatform.Api.Tests", "tests\EventTicketingAiPlatform.Api.Tests\EventTicketingAiPlatform.Api.Tests.csproj", "{8F91D503-7F5C-4ECC-9BB5-A2360E8E8C41}"
EndProject
Global
	GlobalSection(SolutionConfigurationPlatforms) = preSolution
		Debug|Any CPU = Debug|Any CPU
		Debug|x64 = Debug|x64
		Debug|x86 = Debug|x86
		Release|Any CPU = Release|Any CPU
		Release|x64 = Release|x64
		Release|x86 = Release|x86
	EndGlobalSection
	GlobalSection(ProjectConfigurationPlatforms) = postSolution
		{9ABF0A2A-5C17-471B-9C0C-5643A2ABD66A}.Debug|Any CPU.ActiveCfg = Debug|Any CPU
		{9ABF0A2A-5C17-471B-9C0C-5643A2ABD66A}.Debug|Any CPU.Build.0 = Debug|Any CPU
		{9ABF0A2A-5C17-471B-9C0C-5643A2ABD66A}.Debug|x64.ActiveCfg = Debug|Any CPU
		{9ABF0A2A-5C17-471B-9C0C-5643A2ABD66A}.Debug|x64.Build.0 = Debug|Any CPU
		{9ABF0A2A-5C17-471B-9C0C-5643A2ABD66A}.Debug|x86.ActiveCfg = Debug|Any CPU
		{9ABF0A2A-5C17-471B-9C0C-5643A2ABD66A}.Debug|x86.Build.0 = Debug|Any CPU
		{9ABF0A2A-5C17-471B-9C0C-5643A2ABD66A}.Release|Any CPU.ActiveCfg = Release|Any CPU
		{9ABF0A2A-5C17-471B-9C0C-5643A2ABD66A}.Release|Any CPU.Build.0 = Release|Any CPU
		{9ABF0A2A-5C17-471B-9C0C-5643A2ABD66A}.Release|x64.ActiveCfg = Release|Any CPU
		{9ABF0A2A-5C17-471B-9C0C-5643A2ABD66A}.Release|x64.Build.0 = Release|Any CPU
		{9ABF0A2A-5C17-471B-9C0C-5643A2ABD66A}.Release|x86.ActiveCfg = Release|Any CPU
		{9ABF0A2A-5C17-471B-9C0C-5643A2ABD66A}.Release|x86.Build.0 = Release|Any CPU
		{939D7694-C887-4043-BA47-A5982AA58221}.Debug|Any CPU.ActiveCfg = Debug|Any CPU
		{939D7694-C887-4043-BA47-A5982AA58221}.Debug|Any CPU.Build.0 = Debug|Any CPU
		{939D7694-C887-4043-BA47-A5982AA58221}.Debug|x64.ActiveCfg = Debug|Any CPU
		{939D7694-C887-4043-BA47-A5982AA58221}.Debug|x64.Build.0 = Debug|Any CPU
		{939D7694-C887-4043-BA47-A5982AA58221}.Debug|x86.ActiveCfg = Debug|Any CPU
		{939D7694-C887-4043-BA47-A5982AA58221}.Debug|x86.Build.0 = Debug|Any CPU
		{939D7694-C887-4043-BA47-A5982AA58221}.Release|Any CPU.ActiveCfg = Release|Any CPU
		{939D7694-C887-4043-BA47-A5982AA58221}.Release|Any CPU.Build.0 = Release|Any CPU
		{939D7694-C887-4043-BA47-A5982AA58221}.Release|x64.ActiveCfg = Release|Any CPU
		{939D7694-C887-4043-BA47-A5982AA58221}.Release|x64.Build.0 = Release|Any CPU
		{939D7694-C887-4043-BA47-A5982AA58221}.Release|x86.ActiveCfg = Release|Any CPU
		{939D7694-C887-4043-BA47-A5982AA58221}.Release|x86.Build.0 = Release|Any CPU
		{9DE3C78F-D25C-450B-B692-BCEC342562B0}.Debug|Any CPU.ActiveCfg = Debug|Any CPU
		{9DE3C78F-D25C-450B-B692-BCEC342562B0}.Debug|Any CPU.Build.0 = Debug|Any CPU
		{9DE3C78F-D25C-450B-B692-BCEC342562B0}.Debug|x64.ActiveCfg = Debug|Any CPU
		{9DE3C78F-D25C-450B-B692-BCEC342562B0}.Debug|x64.Build.0 = Debug|Any CPU
		{9DE3C78F-D25C-450B-B692-BCEC342562B0}.Debug|x86.ActiveCfg = Debug|Any CPU
		{9DE3C78F-D25C-450B-B692-BCEC342562B0}.Debug|x86.Build.0 = Debug|Any CPU
		{9DE3C78F-D25C-450B-B692-BCEC342562B0}.Release|Any CPU.ActiveCfg = Release|Any CPU
		{9DE3C78F-D25C-450B-B692-BCEC342562B0}.Release|Any CPU.Build.0 = Release|Any CPU
		{9DE3C78F-D25C-450B-B692-BCEC342562B0}.Release|x64.ActiveCfg = Release|Any CPU
		{9DE3C78F-D25C-450B-B692-BCEC342562B0}.Release|x64.Build.0 = Release|Any CPU
		{9DE3C78F-D25C-450B-B692-BCEC342562B0}.Release|x86.ActiveCfg = Release|Any CPU
		{9DE3C78F-D25C-450B-B692-BCEC342562B0}.Release|x86.Build.0 = Release|Any CPU
		{346FC4F4-32FE-425A-A180-45D67EEEB2B5}.Debug|Any CPU.ActiveCfg = Debug|Any CPU
		{346FC4F4-32FE-425A-A180-45D67EEEB2B5}.Debug|Any CPU.Build.0 = Debug|Any CPU
		{346FC4F4-32FE-425A-A180-45D67EEEB2B5}.Debug|x64.ActiveCfg = Debug|Any CPU
		{346FC4F4-32FE-425A-A180-45D67EEEB2B5}.Debug|x64.Build.0 = Debug|Any CPU
		{346FC4F4-32FE-425A-A180-45D67EEEB2B5}.Debug|x86.ActiveCfg = Debug|Any CPU
		{346FC4F4-32FE-425A-A180-45D67EEEB2B5}.Debug|x86.Build.0 = Debug|Any CPU
		{346FC4F4-32FE-425A-A180-45D67EEEB2B5}.Release|Any CPU.ActiveCfg = Release|Any CPU
		{346FC4F4-32FE-425A-A180-45D67EEEB2B5}.Release|Any CPU.Build.0 = Release|Any CPU
		{346FC4F4-32FE-425A-A180-45D67EEEB2B5}.Release|x64.ActiveCfg = Release|Any CPU
		{346FC4F4-32FE-425A-A180-45D67EEEB2B5}.Release|x64.Build.0 = Release|Any CPU
		{346FC4F4-32FE-425A-A180-45D67EEEB2B5}.Release|x86.ActiveCfg = Release|Any CPU
		{346FC4F4-32FE-425A-A180-45D67EEEB2B5}.Release|x86.Build.0 = Release|Any CPU
		{1BA922CB-8DBD-4B67-A426-27080ECCCE62}.Debug|Any CPU.ActiveCfg = Debug|Any CPU
		{1BA922CB-8DBD-4B67-A426-27080ECCCE62}.Debug|Any CPU.Build.0 = Debug|Any CPU
		{1BA922CB-8DBD-4B67-A426-27080ECCCE62}.Debug|x64.ActiveCfg = Debug|Any CPU
		{1BA922CB-8DBD-4B67-A426-27080ECCCE62}.Debug|x64.Build.0 = Debug|Any CPU
		{1BA922CB-8DBD-4B67-A426-27080ECCCE62}.Debug|x86.ActiveCfg = Debug|Any CPU
		{1BA922CB-8DBD-4B67-A426-27080ECCCE62}.Debug|x86.Build.0 = Debug|Any CPU
		{1BA922CB-8DBD-4B67-A426-27080ECCCE62}.Release|Any CPU.ActiveCfg = Release|Any CPU
		{1BA922CB-8DBD-4B67-A426-27080ECCCE62}.Release|Any CPU.Build.0 = Release|Any CPU
		{1BA922CB-8DBD-4B67-A426-27080ECCCE62}.Release|x64.ActiveCfg = Release|Any CPU
		{1BA922CB-8DBD-4B67-A426-27080ECCCE62}.Release|x64.Build.0 = Release|Any CPU
		{1BA922CB-8DBD-4B67-A426-27080ECCCE62}.Release|x86.ActiveCfg = Release|Any CPU
		{1BA922CB-8DBD-4B67-A426-27080ECCCE62}.Release|x86.Build.0 = Release|Any CPU
		{8F91D503-7F5C-4ECC-9BB5-A2360E8E8C41}.Debug|Any CPU.ActiveCfg = Debug|Any CPU
		{8F91D503-7F5C-4ECC-9BB5-A2360E8E8C41}.Debug|Any CPU.Build.0 = Debug|Any CPU
		{8F91D503-7F5C-4ECC-9BB5-A2360E8E8C41}.Debug|x64.ActiveCfg = Debug|Any CPU
		{8F91D503-7F5C-4ECC-9BB5-A2360E8E8C41}.Debug|x64.Build.0 = Debug|Any CPU
		{8F91D503-7F5C-4ECC-9BB5-A2360E8E8C41}.Debug|x86.ActiveCfg = Debug|Any CPU
		{8F91D503-7F5C-4ECC-9BB5-A2360E8E8C41}.Debug|x86.Build.0 = Debug|Any CPU
		{8F91D503-7F5C-4ECC-9BB5-A2360E8E8C41}.Release|Any CPU.ActiveCfg = Release|Any CPU
		{8F91D503-7F5C-4ECC-9BB5-A2360E8E8C41}.Release|Any CPU.Build.0 = Release|Any CPU
		{8F91D503-7F5C-4ECC-9BB5-A2360E8E8C41}.Release|x64.ActiveCfg = Release|Any CPU
		{8F91D503-7F5C-4ECC-9BB5-A2360E8E8C41}.Release|x64.Build.0 = Release|Any CPU
		{8F91D503-7F5C-4ECC-9BB5-A2360E8E8C41}.Release|x86.ActiveCfg = Release|Any CPU
		{8F91D503-7F5C-4ECC-9BB5-A2360E8E8C41}.Release|x86.Build.0 = Release|Any CPU
	EndGlobalSection
	GlobalSection(SolutionProperties) = preSolution
		HideSolutionNode = FALSE
	EndGlobalSection
	GlobalSection(NestedProjects) = preSolution
		{9ABF0A2A-5C17-471B-9C0C-5643A2ABD66A} = {827E0CD3-B72D-47B6-A68D-7590B98EB39B}
		{939D7694-C887-4043-BA47-A5982AA58221} = {827E0CD3-B72D-47B6-A68D-7590B98EB39B}
		{9DE3C78F-D25C-450B-B692-BCEC342562B0} = {827E0CD3-B72D-47B6-A68D-7590B98EB39B}
		{346FC4F4-32FE-425A-A180-45D67EEEB2B5} = {827E0CD3-B72D-47B6-A68D-7590B98EB39B}
		{1BA922CB-8DBD-4B67-A426-27080ECCCE62} = {0AB3BF05-4346-4AA6-1389-037BE0695223}
		{8F91D503-7F5C-4ECC-9BB5-A2360E8E8C41} = {0AB3BF05-4346-4AA6-1389-037BE0695223}
	EndGlobalSection
EndGlobal
